<?xml version="1.0" encoding="utf-8"?>
<Project ToolsVersion="4.0" xmlns="http://schemas.microsoft.com/developer/msbuild/2003">
  <ItemGroup>
    <Filter Include="include">
      <UniqueIdentifier>{89AF369E-F58E-B539-FEA6-40106A051C9B}</UniqueIdentifier>
    </Filter>
    <Filter Include="include\RZ_API">
      <UniqueIdentifier>{DDBA001D-C988-F422-B21C-65499E89D087}</UniqueIdentifier>
    </Filter>
    <Filter Include="include\render0">
      <UniqueIdentifier>{286D2B77-94F8-983B-9D09-1C300914F53B}</UniqueIdentifier>
    </Filter>
    <Filter Include="src">
      <UniqueIdentifier>{2DAB880B-99B4-887C-2230-9F7C8E38947C}</UniqueIdentifier>
    </Filter>
  </ItemGroup>
  <ItemGroup>
    <ClInclude Include="include\RZ_API\RZ_api.hpp">
      <Filter>include\RZ_API</Filter>
    </ClInclude>
    <ClInclude Include="include\render0\render0.hpp">
      <Filter>include\render0</Filter>
    </ClInclude>
    <ClInclude Include="include\render0\camera.hpp" />
    <ClInclude Include="include\input0.hpp" />
    <ClInclude Include="include\render0\model0.hpp" />
  </ItemGroup>
  <ItemGroup>
    <ClCompile Include="src\render0.cpp">
      <Filter>src</Filter>
    </ClCompile>
    <ClCompile Include="src\shaderManager.cpp">
      <Filter>src</Filter>
    </ClCompile>
    <ClCompile Include="src\testTriangle.cpp">
      <Filter>src</Filter>
    </ClCompile>
    <ClCompile Include="src\camera.cpp" />
    <ClCompile Include="src\input0.cpp" />
    <ClCompile Include="src\modelManager.cpp" />
    <ClCompile Include="src\modelRenderTest.cpp" />
  </ItemGroup>
</Project>